{
  "name": "n-modules",
  "lockfileVersion": 2,
  "requires": true,
  "packages": {
    "": {
      "dependencies": {
        "es-module-shims": "^0.14.0"
      }
    },
    "node_modules/es-module-shims": {
      "version": "0.14.0",
      "resolved": "https://registry.npmjs.org/es-module-shims/-/es-module-shims-0.14.0.tgz",
      "integrity": "sha512-QJnWpl3oIZwEGJ+C+cWMzem6+B0piV7OkyD7GyUnRQB+xzF6zfSBNEfh1C28WBP8lAxpJVaQSgmtGLImc7FAxA=="
    }
  },
  "dependencies": {
    "es-module-shims": {
      "version": "0.14.0",
      "resolved": "https://registry.npmjs.org/es-module-shims/-/es-module-shims-0.14.0.tgz",
      "integrity": "sha512-QJnWpl3oIZwEGJ+C+cWMzem6+B0piV7OkyD7GyUnRQB+xzF6zfSBNEfh1C28WBP8lAxpJVaQSgmtGLImc7FAxA=="
    }
  }
}
